
Microsoft Visual Studio Solution File, Format Version 12.00
# Visual Studio Version 17
VisualStudioVersion = 17.14.36915.13 d17.14
MinimumVisualStudioVersion = 10.0.40219.1
Project("{FAE04EC0-301F-11D3-BF4B-00C04F79EFBC}") = "DotNet_API_23", "DotNet_API_23\DotNet_API_23.csproj", "{D242E582-A3D0-40E9-ABB8-C707FA5515D5}"
EndProject
Global
	GlobalSection(SolutionConfigurationPlatforms) = preSolution
		Debug|Any CPU = Debug|Any CPU
		Release|Any CPU = Release|Any CPU
	EndGlobalSection
	GlobalSection(ProjectConfigurationPlatforms) = postSolution
		{D242E582-A3D0-40E9-ABB8-C707FA5515D5}.Debug|Any CPU.ActiveCfg = Debug|Any CPU
		{D242E582-A3D0-40E9-ABB8-C707FA5515D5}.Debug|Any CPU.Build.0 = Debug|Any CPU
		{D242E582-A3D0-40E9-ABB8-C707FA5515D5}.Release|Any CPU.ActiveCfg = Release|Any CPU
		{D242E582-A3D0-40E9-ABB8-C707FA5515D5}.Release|Any CPU.Build.0 = Release|Any CPU
	EndGlobalSection
	GlobalSection(SolutionProperties) = preSolution
		HideSolutionNode = FALSE
	EndGlobalSection
	GlobalSection(ExtensibilityGlobals) = postSolution
		SolutionGuid = {6E268555-C0A9-4798-9729-D68963F66797}
	EndGlobalSection
EndGlobal
